// !$*UTF8*$!
{
	archiveVersion = 1;
	classes = {
	};
	objectVersion = 50;
	objects = {

/* Begin PBXBuildFile section */
		28D79789249B62F9007A8A63 /* AppDelegate.swift in Sources */ = {isa = PBXBuildFile; fileRef = 28D79788249B62F9007A8A63 /* AppDelegate.swift */; };
		28D7978B249B62F9007A8A63 /* SceneDelegate.swift in Sources */ = {isa = PBXBuildFile; fileRef = 28D7978A249B62F9007A8A63 /* SceneDelegate.swift */; };
		28D79790249B62F9007A8A63 /* Main.storyboard in Resources */ = {isa = PBXBuildFile; fileRef = 28D7978E249B62F9007A8A63 /* Main.storyboard */; };
		28D79792249B62FA007A8A63 /* Assets.xcassets in Resources */ = {isa = PBXBuildFile; fileRef = 28D79791249B62FA007A8A63 /* Assets.xcassets */; };
		28D79795249B62FA007A8A63 /* LaunchScreen.storyboard in Resources */ = {isa = PBXBuildFile; fileRef = 28D79793249B62FA007A8A63 /* LaunchScreen.storyboard */; };
		28D7979D249B63C4007A8A63 /* AllNewsTableViewCell.swift in Sources */ = {isa = PBXBuildFile; fileRef = 28D7979C249B63C4007A8A63 /* AllNewsTableViewCell.swift */; };
		28D7979F249B63F5007A8A63 /* AllNewsTableViewController.swift in Sources */ = {isa = PBXBuildFile; fileRef = 28D7979E249B63F4007A8A63 /* AllNewsTableViewController.swift */; };
		28D797A1249B6464007A8A63 /* XMLParser.swift in Sources */ = {isa = PBXBuildFile; fileRef = 28D797A0249B6464007A8A63 /* XMLParser.swift */; };
		28D797A3249B6E50007A8A63 /* FullNewsViewController.swift in Sources */ = {isa = PBXBuildFile; fileRef = 28D797A2249B6E50007A8A63 /* FullNewsViewController.swift */; };
		28D797A7249B6EB9007A8A63 /* CategoriesTableViewController.swift in Sources */ = {isa = PBXBuildFile; fileRef = 28D797A6249B6EB9007A8A63 /* CategoriesTableViewController.swift */; };
		28D797A9249B90D8007A8A63 /* Categories.swift in Sources */ = {isa = PBXBuildFile; fileRef = 28D797A8249B90D8007A8A63 /* Categories.swift */; };
		28D797AB249B9126007A8A63 /* String.swift in Sources */ = {isa = PBXBuildFile; fileRef = 28D797AA249B9126007A8A63 /* String.swift */; };
/* End PBXBuildFile section */

/* Begin PBXFileReference section */
		28D79785249B62F9007A8A63 /* NewsVesti.app */ = {isa = PBXFileReference; explicitFileType = wrapper.application; includeInIndex = 0; path = NewsVesti.app; sourceTree = BUILT_PRODUCTS_DIR; };
		28D79788249B62F9007A8A63 /* AppDelegate.swift */ = {isa = PBXFileReference; lastKnownFileType = sourcecode.swift; path = AppDelegate.swift; sourceTree = "<group>"; };
		28D7978A249B62F9007A8A63 /* SceneDelegate.swift */ = {isa = PBXFileReference; lastKnownFileType = sourcecode.swift; path = SceneDelegate.swift; sourceTree = "<group>"; };
		28D7978F249B62F9007A8A63 /* Base */ = {isa = PBXFileReference; lastKnownFileType = file.storyboard; name = Base; path = Base.lproj/Main.storyboard; sourceTree = "<group>"; };
		28D79791249B62FA007A8A63 /* Assets.xcassets */ = {isa = PBXFileReference; lastKnownFileType = folder.assetcatalog; path = Assets.xcassets; sourceTree = "<group>"; };
		28D79794249B62FA007A8A63 /* Base */ = {isa = PBXFileReference; lastKnownFileType = file.storyboard; name = Base; path = Base.lproj/LaunchScreen.storyboard; sourceTree = "<group>"; };
		28D79796249B62FA007A8A63 /* Info.plist */ = {isa = PBXFileReference; lastKnownFileType = text.plist.xml; path = Info.plist; sourceTree = "<group>"; };
		28D7979C249B63C4007A8A63 /* AllNewsTableViewCell.swift */ = {isa = PBXFileReference; lastKnownFileType = sourcecode.swift; path = AllNewsTableViewCell.swift; sourceTree = "<group>"; };
		28D7979E249B63F4007A8A63 /* AllNewsTableViewController.swift */ = {isa = PBXFileReference; lastKnownFileType = sourcecode.swift; path = AllNewsTableViewController.swift; sourceTree = "<group>"; };
		28D797A0249B6464007A8A63 /* XMLParser.swift */ = {isa = PBXFileReference; lastKnownFileType = sourcecode.swift; path = XMLParser.swift; sourceTree = "<group>"; };
		28D797A2249B6E50007A8A63 /* FullNewsViewController.swift */ = {isa = PBXFileReference; lastKnownFileType = sourcecode.swift; path = FullNewsViewController.swift; sourceTree = "<group>"; };
		28D797A6249B6EB9007A8A63 /* CategoriesTableViewController.swift */ = {isa = PBXFileReference; lastKnownFileType = sourcecode.swift; path = CategoriesTableViewController.swift; sourceTree = "<group>"; };
		28D797A8249B90D8007A8A63 /* Categories.swift */ = {isa = PBXFileReference; lastKnownFileType = sourcecode.swift; path = Categories.swift; sourceTree = "<group>"; };
		28D797AA249B9126007A8A63 /* String.swift */ = {isa = PBXFileReference; lastKnownFileType = sourcecode.swift; path = String.swift; sourceTree = "<group>"; };
/* End PBXFileReference section */

/* Begin PBXFrameworksBuildPhase section */
		28D79782249B62F9007A8A63 /* Frameworks */ = {
			isa = PBXFrameworksBuildPhase;
			buildActionMask = 2147483647;
			files = (
			);
			runOnlyForDeploymentPostprocessing = 0;
		};
/* End PBXFrameworksBuildPhase section */

/* Begin PBXGroup section */
		28D7977C249B62F9007A8A63 = {
			isa = PBXGroup;
			children = (
				28D79787249B62F9007A8A63 /* NewsVesti */,
				28D797AF249B924E007A8A63 /* Supports */,
				28D79786249B62F9007A8A63 /* Products */,
			);
			sourceTree = "<group>";
		};
		28D79786249B62F9007A8A63 /* Products */ = {
			isa = PBXGroup;
			children = (
				28D79785249B62F9007A8A63 /* NewsVesti.app */,
			);
			name = Products;
			sourceTree = "<group>";
		};
		28D79787249B62F9007A8A63 /* NewsVesti */ = {
			isa = PBXGroup;
			children = (
				28D797AC249B91CC007A8A63 /* Model */,
				28D797AD249B91E1007A8A63 /* Controller */,
				28D797AE249B9218007A8A63 /* View */,
			);
			path = NewsVesti;
			sourceTree = "<group>";
		};
		28D797AC249B91CC007A8A63 /* Model */ = {
			isa = PBXGroup;
			children = (
				28D797A0249B6464007A8A63 /* XMLParser.swift */,
				28D797A8249B90D8007A8A63 /* Categories.swift */,
				28D797AA249B9126007A8A63 /* String.swift */,
			);
			path = Model;
			sourceTree = "<group>";
		};
		28D797AD249B91E1007A8A63 /* Controller */ = {
			isa = PBXGroup;
			children = (
				28D7979E249B63F4007A8A63 /* AllNewsTableViewController.swift */,
				28D7979C249B63C4007A8A63 /* AllNewsTableViewCell.swift */,
				28D797A2249B6E50007A8A63 /* FullNewsViewController.swift */,
				28D797A6249B6EB9007A8A63 /* CategoriesTableViewController.swift */,
			);
			path = Controller;
			sourceTree = "<group>";
		};
		28D797AE249B9218007A8A63 /* View */ = {
			isa = PBXGroup;
			children = (
				28D7978E249B62F9007A8A63 /* Main.storyboard */,
				28D79793249B62FA007A8A63 /* LaunchScreen.storyboard */,
			);
			path = View;
			sourceTree = "<group>";
		};
		28D797AF249B924E007A8A63 /* Supports */ = {
			isa = PBXGroup;
			children = (
				28D79788249B62F9007A8A63 /* AppDelegate.swift */,
				28D7978A249B62F9007A8A63 /* SceneDelegate.swift */,
				28D79791249B62FA007A8A63 /* Assets.xcassets */,
				28D79796249B62FA007A8A63 /* Info.plist */,
			);
			path = Supports;
			sourceTree = "<group>";
		};
/* End PBXGroup section */

/* Begin PBXNativeTarget section */
		28D79784249B62F9007A8A63 /* NewsVesti */ = {
			isa = PBXNativeTarget;
			buildConfigurationList = 28D79799249B62FA007A8A63 /* Build configuration list for PBXNativeTarget "NewsVesti" */;
			buildPhases = (
				28D79781249B62F9007A8A63 /* Sources */,
				28D79782249B62F9007A8A63 /* Frameworks */,
				28D79783249B62F9007A8A63 /* Resources */,
			);
			buildRules = (
			);
			dependencies = (
			);
			name = NewsVesti;
			productName = NewsVesti;
			productReference = 28D79785249B62F9007A8A63 /* NewsVesti.app */;
			productType = "com.apple.product-type.application";
		};
/* End PBXNativeTarget section */

/* Begin PBXProject section */
		28D7977D249B62F9007A8A63 /* Project object */ = {
			isa = PBXProject;
			attributes = {
				LastSwiftUpdateCheck = 1150;
				LastUpgradeCheck = 1150;
				ORGANIZATIONNAME = "Ilyas Zhumadilov";
				TargetAttributes = {
					28D79784249B62F9007A8A63 = {
						CreatedOnToolsVersion = 11.5;
					};
				};
			};
			buildConfigurationList = 28D79780249B62F9007A8A63 /* Build configuration list for PBXProject "NewsVesti" */;
			compatibilityVersion = "Xcode 9.3";
			developmentRegion = en;
			hasScannedForEncodings = 0;
			knownRegions = (
				en,
				Base,
			);
			mainGroup = 28D7977C249B62F9007A8A63;
			productRefGroup = 28D79786249B62F9007A8A63 /* Products */;
			projectDirPath = "";
			projectRoot = "";
			targets = (
				28D79784249B62F9007A8A63 /* NewsVesti */,
			);
		};
/* End PBXProject section */

/* Begin PBXResourcesBuildPhase section */
		28D79783249B62F9007A8A63 /* Resources */ = {
			isa = PBXResourcesBuildPhase;
			buildActionMask = 2147483647;
			files = (
				28D79795249B62FA007A8A63 /* LaunchScreen.storyboard in Resources */,
				28D79792249B62FA007A8A63 /* Assets.xcassets in Resources */,
				28D79790249B62F9007A8A63 /* Main.storyboard in Resources */,
			);
			runOnlyForDeploymentPostprocessing = 0;
		};
/* End PBXResourcesBuildPhase section */

/* Begin PBXSourcesBuildPhase section */
		28D79781249B62F9007A8A63 /* Sources */ = {
			isa = PBXSourcesBuildPhase;
			buildActionMask = 2147483647;
			files = (
				28D7979F249B63F5007A8A63 /* AllNewsTableViewController.swift in Sources */,
				28D797A9249B90D8007A8A63 /* Categories.swift in Sources */,
				28D7979D249B63C4007A8A63 /* AllNewsTableViewCell.swift in Sources */,
				28D797AB249B9126007A8A63 /* String.swift in Sources */,
				28D797A3249B6E50007A8A63 /* FullNewsViewController.swift in Sources */,
				28D79789249B62F9007A8A63 /* AppDelegate.swift in Sources */,
				28D7978B249B62F9007A8A63 /* SceneDelegate.swift in Sources */,
				28D797A1249B6464007A8A63 /* XMLParser.swift in Sources */,
				28D797A7249B6EB9007A8A63 /* CategoriesTableViewController.swift in Sources */,
			);
			runOnlyForDeploymentPostprocessing = 0;
		};
/* End PBXSourcesBuildPhase section */

/* Begin PBXVariantGroup section */
		28D7978E249B62F9007A8A63 /* Main.storyboard */ = {
			isa = PBXVariantGroup;
			children = (
				28D7978F249B62F9007A8A63 /* Base */,
			);
			name = Main.storyboard;
			sourceTree = "<group>";
		};
		28D79793249B62FA007A8A63 /* LaunchScreen.storyboard */ = {
			isa = PBXVariantGroup;
			children = (
				28D79794249B62FA007A8A63 /* Base */,
			);
			name = LaunchScreen.storyboard;
			sourceTree = "<group>";
		};
/* End PBXVariantGroup section */

/* Begin XCBuildConfiguration section */
		28D79797249B62FA007A8A63 /* Debug */ = {
			isa = XCBuildConfiguration;
			buildSettings = {
				ALWAYS_SEARCH_USER_PATHS = NO;
				CLANG_ANALYZER_NONNULL = YES;
				CLANG_ANALYZER_NUMBER_OBJECT_CONVERSION = YES_AGGRESSIVE;
				CLANG_CXX_LANGUAGE_STANDARD = "gnu++14";
				CLANG_CXX_LIBRARY = "libc++";
				CLANG_ENABLE_MODULES = YES;
				CLANG_ENABLE_OBJC_ARC = YES;
				CLANG_ENABLE_OBJC_WEAK = YES;
				CLANG_WARN_BLOCK_CAPTURE_AUTORELEASING = YES;
				CLANG_WARN_BOOL_CONVERSION = YES;
				CLANG_WARN_COMMA = YES;
				CLANG_WARN_CONSTANT_CONVERSION = YES;
				CLANG_WARN_DEPRECATED_OBJC_IMPLEMENTATIONS = YES;
				CLANG_WARN_DIRECT_OBJC_ISA_USAGE = YES_ERROR;
				CLANG_WARN_DOCUMENTATION_COMMENTS = YES;
				CLANG_WARN_EMPTY_BODY = YES;
				CLANG_WARN_ENUM_CONVERSION = YES;
				CLANG_WARN_INFINITE_RECURSION = YES;
				CLANG_WARN_INT_CONVERSION = YES;
				CLANG_WARN_NON_LITERAL_NULL_CONVERSION = YES;
				CLANG_WARN_OBJC_IMPLICIT_RETAIN_SELF = YES;
				CLANG_WARN_OBJC_LITERAL_CONVERSION = YES;
				CLANG_WARN_OBJC_ROOT_CLASS = YES_ERROR;
				CLANG_WARN_RANGE_LOOP_ANALYSIS = YES;
				CLANG_WARN_STRICT_PROTOTYPES = YES;
				CLANG_WARN_SUSPICIOUS_MOVE = YES;
				CLANG_WARN_UNGUARDED_AVAILABILITY = YES_AGGRESSIVE;
				CLANG_WARN_UNREACHABLE_CODE = YES;
				CLANG_WARN__DUPLICATE_METHOD_MATCH = YES;
				COPY_PHASE_STRIP = NO;
				DEBUG_INFORMATION_FORMAT = dwarf;
				ENABLE_STRICT_OBJC_MSGSEND = YES;
				ENABLE_TESTABILITY = YES;
				GCC_C_LANGUAGE_STANDARD = gnu11;
				GCC_DYNAMIC_NO_PIC = NO;
				GCC_NO_COMMON_BLOCKS = YES;
				GCC_OPTIMIZATION_LEVEL = 0;
				GCC_PREPROCESSOR_DEFINITIONS = (
					"DEBUG=1",
					"$(inherited)",
				);
				GCC_WARN_64_TO_32_BIT_CONVERSION = YES;
				GCC_WARN_ABOUT_RETURN_TYPE = YES_ERROR;
				GCC_WARN_UNDECLARED_SELECTOR = YES;
				GCC_WARN_UNINITIALIZED_AUTOS = YES_AGGRESSIVE;
				GCC_WARN_UNUSED_FUNCTION = YES;
				GCC_WARN_UNUSED_VARIABLE = YES;
				IPHONEOS_DEPLOYMENT_TARGET = 13.5;
				MTL_ENABLE_DEBUG_INFO = INCLUDE_SOURCE;
				MTL_FAST_MATH = YES;
				ONLY_ACTIVE_ARCH = YES;
				SDKROOT = iphoneos;
				SWIFT_ACTIVE_COMPILATION_CONDITIONS = DEBUG;
				SWIFT_OPTIMIZATION_LEVEL = "-Onone";
			};
			name = Debug;
		};
		28D79798249B62FA007A8A63 /* Release */ = {
			isa = XCBuildConfiguration;
			buildSettings = {
				ALWAYS_SEARCH_USER_PATHS = NO;
				CLANG_ANALYZER_NONNULL = YES;
				CLANG_ANALYZER_NUMBER_OBJECT_CONVERSION = YES_AGGRESSIVE;
				CLANG_CXX_LANGUAGE_STANDARD = "gnu++14";
				CLANG_CXX_LIBRARY = "libc++";
				CLANG_ENABLE_MODULES = YES;
				CLANG_ENABLE_OBJC_ARC = YES;
				CLANG_ENABLE_OBJC_WEAK = YES;
				CLANG_WARN_BLOCK_CAPTURE_AUTORELEASING = YES;
				CLANG_WARN_BOOL_CONVERSION = YES;
				CLANG_WARN_COMMA = YES;
				CLANG_WARN_CONSTANT_CONVERSION = YES;
				CLANG_WARN_DEPRECATED_OBJC_IMPLEMENTATIONS = YES;
				CLANG_WARN_DIRECT_OBJC_ISA_USAGE = YES_ERROR;
				CLANG_WARN_DOCUMENTATION_COMMENTS = YES;
				CLANG_WARN_EMPTY_BODY = YES;
				CLANG_WARN_ENUM_CONVERSION = YES;
				CLANG_WARN_INFINITE_RECURSION = YES;
				CLANG_WARN_INT_CONVERSION = YES;
				CLANG_WARN_NON_LITERAL_NULL_CONVERSION = YES;
				CLANG_WARN_OBJC_IMPLICIT_RETAIN_SELF = YES;
				CLANG_WARN_OBJC_LITERAL_CONVERSION = YES;
				CLANG_WARN_OBJC_ROOT_CLASS = YES_ERROR;
				CLANG_WARN_RANGE_LOOP_ANALYSIS = YES;
				CLANG_WARN_STRICT_PROTOTYPES = YES;
				CLANG_WARN_SUSPICIOUS_MOVE = YES;
				CLANG_WARN_UNGUARDED_AVAILABILITY = YES_AGGRESSIVE;
				CLANG_WARN_UNREACHABLE_CODE = YES;
				CLANG_WARN__DUPLICATE_METHOD_MATCH = YES;
				COPY_PHASE_STRIP = NO;
				DEBUG_INFORMATION_FORMAT = "dwarf-with-dsym";
				ENABLE_NS_ASSERTIONS = NO;
				ENABLE_STRICT_OBJC_MSGSEND = YES;
				GCC_C_LANGUAGE_STANDARD = gnu11;
				GCC_NO_COMMON_BLOCKS = YES;
				GCC_WARN_64_TO_32_BIT_CONVERSION = YES;
				GCC_WARN_ABOUT_RETURN_TYPE = YES_ERROR;
				GCC_WARN_UNDECLARED_SELECTOR = YES;
				GCC_WARN_UNINITIALIZED_AUTOS = YES_AGGRESSIVE;
				GCC_WARN_UNUSED_FUNCTION = YES;
				GCC_WARN_UNUSED_VARIABLE = YES;
				IPHONEOS_DEPLOYMENT_TARGET = 13.5;
				MTL_ENABLE_DEBUG_INFO = NO;
				MTL_FAST_MATH = YES;
				SDKROOT = iphoneos;
				SWIFT_COMPILATION_MODE = wholemodule;
				SWIFT_OPTIMIZATION_LEVEL = "-O";
				VALIDATE_PRODUCT = YES;
			};
			name = Release;
		};
		28D7979A249B62FA007A8A63 /* Debug */ = {
			isa = XCBuildConfiguration;
			buildSettings = {
				ASSETCATALOG_COMPILER_APPICON_NAME = AppIcon;
				CODE_SIGN_STYLE = Automatic;
				INFOPLIST_FILE = "$(SRCROOT)/Supports/Info.plist";
				LD_RUNPATH_SEARCH_PATHS = (
					"$(inherited)",
					"@executable_path/Frameworks",
				);
				PRODUCT_BUNDLE_IDENTIFIER = Ilyas.NewsVesti;
				PRODUCT_NAME = "$(TARGET_NAME)";
				SWIFT_VERSION = 5.0;
				TARGETED_DEVICE_FAMILY = "1,2";
			};
			name = Debug;
		};
		28D7979B249B62FA007A8A63 /* Release */ = {
			isa = XCBuildConfiguration;
			buildSettings = {
				ASSETCATALOG_COMPILER_APPICON_NAME = AppIcon;
				CODE_SIGN_STYLE = Automatic;
				INFOPLIST_FILE = "$(SRCROOT)/Supports/Info.plist";
				LD_RUNPATH_SEARCH_PATHS = (
					"$(inherited)",
					"@executable_path/Frameworks",
				);
				PRODUCT_BUNDLE_IDENTIFIER = Ilyas.NewsVesti;
				PRODUCT_NAME = "$(TARGET_NAME)";
				SWIFT_VERSION = 5.0;
				TARGETED_DEVICE_FAMILY = "1,2";
			};
			name = Release;
		};
/* End XCBuildConfiguration section */

/* Begin XCConfigurationList section */
		28D79780249B62F9007A8A63 /* Build configuration list for PBXProject "NewsVesti" */ = {
			isa = XCConfigurationList;
			buildConfigurations = (
				28D79797249B62FA007A8A63 /* Debug */,
				28D79798249B62FA007A8A63 /* Release */,
			);
			defaultConfigurationIsVisible = 0;
			defaultConfigurationName = Release;
		};
		28D79799249B62FA007A8A63 /* Build configuration list for PBXNativeTarget "NewsVesti" */ = {
			isa = XCConfigurationList;
			buildConfigurations = (
				28D7979A249B62FA007A8A63 /* Debug */,
				28D7979B249B62FA007A8A63 /* Release */,
			);
			defaultConfigurationIsVisible = 0;
			defaultConfigurationName = Release;
		};
/* End XCConfigurationList section */
	};
	rootObject = 28D7977D249B62F9007A8A63 /* Project object */;
}
